
Microsoft Visual Studio Solution File, Format Version 12.00
# Visual Studio Version 17
VisualStudioVersion = 17.7.34024.191
MinimumVisualStudioVersion = 10.0.40219.1
Project("{FAE04EC0-301F-11D3-BF4B-00C04F79EFBC}") = "Week15OOPAndFiles2", "Week15OOPAndFiles2\Week15OOPAndFiles2.csproj", "{51EC62BF-10DB-4B5E-BC49-1F4F38247076}"
EndProject
Global
	GlobalSection(SolutionConfigurationPlatforms) = preSolution
		Debug|Any CPU = Debug|Any CPU
		Release|Any CPU = Release|Any CPU
	EndGlobalSection
	GlobalSection(ProjectConfigurationPlatforms) = postSolution
		{51EC62BF-10DB-4B5E-BC49-1F4F38247076}.Debug|Any CPU.ActiveCfg = Debug|Any CPU
		{51EC62BF-10DB-4B5E-BC49-1F4F38247076}.Debug|Any CPU.Build.0 = Debug|Any CPU
		{51EC62BF-10DB-4B5E-BC49-1F4F38247076}.Release|Any CPU.ActiveCfg = Release|Any CPU
		{51EC62BF-10DB-4B5E-BC49-1F4F38247076}.Release|Any CPU.Build.0 = Release|Any CPU
	EndGlobalSection
	GlobalSection(SolutionProperties) = preSolution
		HideSolutionNode = FALSE
	EndGlobalSection
	GlobalSection(ExtensibilityGlobals) = postSolution
		SolutionGuid = {92EDD6FF-16D3-4B83-85C7-CB654DB10654}
	EndGlobalSection
EndGlobal
